<?xml version="1.0" encoding="utf-8"?>
<Project ToolsVersion="4.0" xmlns="http://schemas.microsoft.com/developer/msbuild/2003">
  <ItemGroup>
    <Filter Include="ソース ファイル">
      <UniqueIdentifier>{4FC737F1-C7A5-4376-A066-2A32D752A2FF}</UniqueIdentifier>
      <Extensions>cpp;c;cc;cxx;c++;cppm;ixx;def;odl;idl;hpj;bat;asm;asmx</Extensions>
    </Filter>
    <Filter Include="ヘッダー ファイル">
      <UniqueIdentifier>{93995380-89BD-4b04-88EB-625FBE52EBFB}</UniqueIdentifier>
      <Extensions>h;hh;hpp;hxx;h++;hm;inl;inc;ipp;xsd</Extensions>
    </Filter>
    <Filter Include="リソース ファイル">
      <UniqueIdentifier>{67DA6AB6-F800-4c08-8B7A-83BB121AAD01}</UniqueIdentifier>
      <Extensions>rc;ico;cur;bmp;dlg;rc2;rct;bin;rgs;gif;jpg;jpeg;jpe;resx;tiff;tif;png;wav;mfcribbon-ms</Extensions>
    </Filter>
    <Filter Include="数学関数">
      <UniqueIdentifier>{4c11152c-f841-4285-9845-42a86e3883a7}</UniqueIdentifier>
    </Filter>
    <Filter Include="数学関数\ヘッダーファイル">
      <UniqueIdentifier>{527fd625-a26f-41a8-b001-fbc97e5800ff}</UniqueIdentifier>
    </Filter>
    <Filter Include="数学関数\ソースファイル">
      <UniqueIdentifier>{eb1ac8b5-2fa4-46d2-aa47-af91aaea69ae}</UniqueIdentifier>
    </Filter>
    <Filter Include="imgui">
      <UniqueIdentifier>{e18733ce-c0b8-490e-9814-ae4f900a21ad}</UniqueIdentifier>
    </Filter>
    <Filter Include="ヘッダー ファイル\Engine">
      <UniqueIdentifier>{3946529d-0f64-4f2d-ad0d-4d2baf602aac}</UniqueIdentifier>
    </Filter>
    <Filter Include="ヘッダー ファイル\Engine\Base">
      <UniqueIdentifier>{4b8894c0-ed3a-4f8d-b129-caf25ca86d13}</UniqueIdentifier>
    </Filter>
    <Filter Include="ヘッダー ファイル\Engine\Input">
      <UniqueIdentifier>{17c7110f-5bde-4641-a813-107f23e74414}</UniqueIdentifier>
    </Filter>
    <Filter Include="ヘッダー ファイル\Engine\Audio">
      <UniqueIdentifier>{66f6ac5c-53b9-4ce2-83ba-541d5101233e}</UniqueIdentifier>
    </Filter>
    <Filter Include="ヘッダー ファイル\Engine\3D">
      <UniqueIdentifier>{a4cd3ae5-243b-4d64-8312-40116a6b2326}</UniqueIdentifier>
    </Filter>
    <Filter Include="ヘッダー ファイル\Engine\2D">
      <UniqueIdentifier>{da3f66a8-e095-4ae0-af08-8128495efa73}</UniqueIdentifier>
    </Filter>
    <Filter Include="ヘッダー ファイル\Engine\ImguiManager">
      <UniqueIdentifier>{a2f99693-5e17-49b4-8e86-46b612b518da}</UniqueIdentifier>
    </Filter>
    <Filter Include="ヘッダー ファイル\Appliacation">
      <UniqueIdentifier>{90ac84d3-f946-4d10-815e-858d36220381}</UniqueIdentifier>
    </Filter>
    <Filter Include="ソース ファイル\Engine">
      <UniqueIdentifier>{fffa4b2e-0e19-4952-9fc0-0fac2e1a33ab}</UniqueIdentifier>
    </Filter>
    <Filter Include="ソース ファイル\Engine\Base">
      <UniqueIdentifier>{f28d66f5-0f71-4860-aef0-00a22afeb182}</UniqueIdentifier>
    </Filter>
    <Filter Include="ソース ファイル\Engine\Input">
      <UniqueIdentifier>{feced11b-b323-4999-8ac4-909466d3373d}</UniqueIdentifier>
    </Filter>
    <Filter Include="ソース ファイル\Engine\Audio">
      <UniqueIdentifier>{5f66890d-3c1f-4a17-89be-3059c70fc7b2}</UniqueIdentifier>
    </Filter>
    <Filter Include="ソース ファイル\Engine\3D">
      <UniqueIdentifier>{1895f6c3-d8de-4f83-8975-a4c51ad8fef4}</UniqueIdentifier>
    </Filter>
    <Filter Include="ソース ファイル\Engine\2D">
      <UniqueIdentifier>{03a1761b-b19b-4321-bbba-191edd97fe59}</UniqueIdentifier>
    </Filter>
    <Filter Include="ソース ファイル\Engine\ImguiManager">
      <UniqueIdentifier>{84e3b1c4-e5e1-4341-a2be-1018a662448e}</UniqueIdentifier>
    </Filter>
    <Filter Include="ソース ファイル\Application">
      <UniqueIdentifier>{e884282b-6321-4946-9e40-14261fa82ba9}</UniqueIdentifier>
    </Filter>
  </ItemGroup>
  <ItemGroup>
    <ClCompile Include="main.cpp">
      <Filter>ソース ファイル</Filter>
    </ClCompile>
    <ClCompile Include="M4.cpp">
      <Filter>数学関数\ソースファイル</Filter>
    </ClCompile>
    <ClCompile Include="V3M.cpp">
      <Filter>数学関数\ソースファイル</Filter>
    </ClCompile>
    <ClCompile Include="MM.cpp">
      <Filter>数学関数\ソースファイル</Filter>
    </ClCompile>
    <ClCompile Include="RTT.cpp">
      <Filter>数学関数\ソースファイル</Filter>
    </ClCompile>
    <ClCompile Include="WM4.cpp">
      <Filter>数学関数\ソースファイル</Filter>
    </ClCompile>
    <ClCompile Include="WVP.cpp">
      <Filter>数学関数\ソースファイル</Filter>
    </ClCompile>
    <ClCompile Include="externals\imgui\imgui.cpp">
      <Filter>imgui</Filter>
    </ClCompile>
    <ClCompile Include="externals\imgui\imgui_demo.cpp">
      <Filter>imgui</Filter>
    </ClCompile>
    <ClCompile Include="externals\imgui\imgui_draw.cpp">
      <Filter>imgui</Filter>
    </ClCompile>
    <ClCompile Include="externals\imgui\imgui_impl_dx12.cpp">
      <Filter>imgui</Filter>
    </ClCompile>
    <ClCompile Include="externals\imgui\imgui_impl_win32.cpp">
      <Filter>imgui</Filter>
    </ClCompile>
    <ClCompile Include="externals\imgui\imgui_tables.cpp">
      <Filter>imgui</Filter>
    </ClCompile>
    <ClCompile Include="externals\imgui\imgui_widgets.cpp">
      <Filter>imgui</Filter>
    </ClCompile>
    <ClCompile Include="Polygon.cpp">
      <Filter>数学関数\ソースファイル</Filter>
    </ClCompile>
    <ClCompile Include="DebugCamera.cpp">
      <Filter>ソース ファイル</Filter>
    </ClCompile>
    <ClCompile Include="DirectXCommon.cpp">
      <Filter>ソース ファイル\Engine\Base</Filter>
    </ClCompile>
    <ClCompile Include="Winapp.cpp">
      <Filter>ソース ファイル\Engine\Base</Filter>
    </ClCompile>
    <ClCompile Include="StringUtility.cpp">
      <Filter>ソース ファイル\Engine\Base</Filter>
    </ClCompile>
    <ClCompile Include="CrashDump.cpp">
      <Filter>ソース ファイル\Engine\Base</Filter>
    </ClCompile>
    <ClCompile Include="Input.cpp">
      <Filter>ソース ファイル\Engine\Input</Filter>
    </ClCompile>
    <ClCompile Include="ImguiManager.cpp">
      <Filter>ソース ファイル\Engine\ImguiManager</Filter>
    </ClCompile>
    <ClCompile Include="Audio.cpp">
      <Filter>ソース ファイル\Engine\Audio</Filter>
    </ClCompile>
    <ClCompile Include="Object3D.cpp">
      <Filter>ソース ファイル\Engine\3D</Filter>
    </ClCompile>
    <ClCompile Include="Model.cpp">
      <Filter>ソース ファイル\Engine\3D</Filter>
    </ClCompile>
    <ClCompile Include="Sprite.cpp">
      <Filter>ソース ファイル\Engine\2D</Filter>
    </ClCompile>
    <ClCompile Include="MyGame.cpp">
      <Filter>ソース ファイル\Application</Filter>
    </ClCompile>
    <ClCompile Include="Framework.cpp">
      <Filter>ソース ファイル\Application</Filter>
    </ClCompile>
    <ClCompile Include="RPV2.cpp">
      <Filter>数学関数\ソースファイル</Filter>
    </ClCompile>
  </ItemGroup>
  <ItemGroup>
    <FxCompile Include="Object3d.VS.hlsl" />
    <FxCompile Include="Object3d.PS.hlsl" />
  </ItemGroup>
  <ItemGroup>
    <ClInclude Include="M4.h">
      <Filter>数学関数\ヘッダーファイル</Filter>
    </ClInclude>
    <ClInclude Include="V3M.h">
      <Filter>数学関数\ヘッダーファイル</Filter>
    </ClInclude>
    <ClInclude Include="MM.h">
      <Filter>数学関数\ヘッダーファイル</Filter>
    </ClInclude>
    <ClInclude Include="RTT.h">
      <Filter>数学関数\ヘッダーファイル</Filter>
    </ClInclude>
    <ClInclude Include="WM4.h">
      <Filter>数学関数\ヘッダーファイル</Filter>
    </ClInclude>
    <ClInclude Include="WVP.h">
      <Filter>数学関数\ヘッダーファイル</Filter>
    </ClInclude>
    <ClInclude Include="externals\imgui\imconfig.h">
      <Filter>imgui</Filter>
    </ClInclude>
    <ClInclude Include="externals\imgui\imgui.h">
      <Filter>imgui</Filter>
    </ClInclude>
    <ClInclude Include="externals\imgui\imgui_impl_dx12.h">
      <Filter>imgui</Filter>
    </ClInclude>
    <ClInclude Include="externals\imgui\imgui_impl_win32.h">
      <Filter>imgui</Filter>
    </ClInclude>
    <ClInclude Include="externals\imgui\imgui_internal.h">
      <Filter>imgui</Filter>
    </ClInclude>
    <ClInclude Include="externals\imgui\imstb_rectpack.h">
      <Filter>imgui</Filter>
    </ClInclude>
    <ClInclude Include="externals\imgui\imstb_textedit.h">
      <Filter>imgui</Filter>
    </ClInclude>
    <ClInclude Include="externals\imgui\imstb_truetype.h">
      <Filter>imgui</Filter>
    </ClInclude>
    <ClInclude Include="Polygon.h">
      <Filter>数学関数\ヘッダーファイル</Filter>
    </ClInclude>
    <ClInclude Include="Spheres.h">
      <Filter>数学関数\ヘッダーファイル</Filter>
    </ClInclude>
    <ClInclude Include="OBJECT.h">
      <Filter>ヘッダー ファイル</Filter>
    </ClInclude>
    <ClInclude Include="ResourceObject.h">
      <Filter>ヘッダー ファイル</Filter>
    </ClInclude>
    <ClInclude Include="DebugCamera.h">
      <Filter>ヘッダー ファイル</Filter>
    </ClInclude>
    <ClInclude Include="Winapp.h">
      <Filter>ヘッダー ファイル\Engine\Base</Filter>
    </ClInclude>
    <ClInclude Include="DirectXCommon.h">
      <Filter>ヘッダー ファイル\Engine\Base</Filter>
    </ClInclude>
    <ClInclude Include="StringUtility.h">
      <Filter>ヘッダー ファイル\Engine\Base</Filter>
    </ClInclude>
    <ClInclude Include="CrashDump.h">
      <Filter>ヘッダー ファイル\Engine\Base</Filter>
    </ClInclude>
    <ClInclude Include="Audio.h">
      <Filter>ヘッダー ファイル\Engine\Audio</Filter>
    </ClInclude>
    <ClInclude Include="Input.h">
      <Filter>ヘッダー ファイル\Engine\Input</Filter>
    </ClInclude>
    <ClInclude Include="Object3D.h">
      <Filter>ヘッダー ファイル\Engine\3D</Filter>
    </ClInclude>
    <ClInclude Include="Model.h">
      <Filter>ヘッダー ファイル\Engine\3D</Filter>
    </ClInclude>
    <ClInclude Include="Sprite.h">
      <Filter>ヘッダー ファイル\Engine\2D</Filter>
    </ClInclude>
    <ClInclude Include="ImguiManager.h">
      <Filter>ヘッダー ファイル\Engine\ImguiManager</Filter>
    </ClInclude>
    <ClInclude Include="MyGame.h">
      <Filter>ヘッダー ファイル\Appliacation</Filter>
    </ClInclude>
    <ClInclude Include="Framework.h">
      <Filter>ヘッダー ファイル\Appliacation</Filter>
    </ClInclude>
    <ClInclude Include="RPV2.h">
      <Filter>数学関数\ヘッダーファイル</Filter>
    </ClInclude>
  </ItemGroup>
  <ItemGroup>
    <Text Include="externals\imgui\LICENSE.txt">
      <Filter>imgui</Filter>
    </Text>
  </ItemGroup>
  <ItemGroup>
    <None Include="Object3d.hlsli" />
  </ItemGroup>
</Project>