<?xml version="1.0" encoding="utf-8"?>
<Project ToolsVersion="4.0" xmlns="http://schemas.microsoft.com/developer/msbuild/2003">
  <ItemGroup>
    <Filter Include="ソース ファイル">
      <UniqueIdentifier>{4FC737F1-C7A5-4376-A066-2A32D752A2FF}</UniqueIdentifier>
      <Extensions>cpp;c;cc;cxx;c++;cppm;ixx;def;odl;idl;hpj;bat;asm;asmx</Extensions>
    </Filter>
    <Filter Include="ヘッダー ファイル">
      <UniqueIdentifier>{93995380-89BD-4b04-88EB-625FBE52EBFB}</UniqueIdentifier>
      <Extensions>h;hh;hpp;hxx;h++;hm;inl;inc;ipp;xsd</Extensions>
    </Filter>
    <Filter Include="リソース ファイル">
      <UniqueIdentifier>{67DA6AB6-F800-4c08-8B7A-83BB121AAD01}</UniqueIdentifier>
      <Extensions>rc;ico;cur;bmp;dlg;rc2;rct;bin;rgs;gif;jpg;jpeg;jpe;resx;tiff;tif;png;wav;mfcribbon-ms</Extensions>
    </Filter>
    <Filter Include="数学関数">
      <UniqueIdentifier>{4c11152c-f841-4285-9845-42a86e3883a7}</UniqueIdentifier>
    </Filter>
    <Filter Include="数学関数\ヘッダーファイル">
      <UniqueIdentifier>{527fd625-a26f-41a8-b001-fbc97e5800ff}</UniqueIdentifier>
    </Filter>
    <Filter Include="数学関数\ソースファイル">
      <UniqueIdentifier>{eb1ac8b5-2fa4-46d2-aa47-af91aaea69ae}</UniqueIdentifier>
    </Filter>
    <Filter Include="imgui">
      <UniqueIdentifier>{e18733ce-c0b8-490e-9814-ae4f900a21ad}</UniqueIdentifier>
    </Filter>
  </ItemGroup>
  <ItemGroup>
    <ClCompile Include="main.cpp">
      <Filter>ソース ファイル</Filter>
    </ClCompile>
    <ClCompile Include="M4.cpp">
      <Filter>数学関数\ソースファイル</Filter>
    </ClCompile>
    <ClCompile Include="V3M.cpp">
      <Filter>数学関数\ソースファイル</Filter>
    </ClCompile>
    <ClCompile Include="MM.cpp">
      <Filter>数学関数\ソースファイル</Filter>
    </ClCompile>
    <ClCompile Include="RTT.cpp">
      <Filter>数学関数\ソースファイル</Filter>
    </ClCompile>
    <ClCompile Include="WM4.cpp">
      <Filter>数学関数\ソースファイル</Filter>
    </ClCompile>
    <ClCompile Include="WVP.cpp">
      <Filter>数学関数\ソースファイル</Filter>
    </ClCompile>
    <ClCompile Include="externals\imgui\imgui.cpp">
      <Filter>imgui</Filter>
    </ClCompile>
    <ClCompile Include="externals\imgui\imgui_demo.cpp">
      <Filter>imgui</Filter>
    </ClCompile>
    <ClCompile Include="externals\imgui\imgui_draw.cpp">
      <Filter>imgui</Filter>
    </ClCompile>
    <ClCompile Include="externals\imgui\imgui_impl_dx12.cpp">
      <Filter>imgui</Filter>
    </ClCompile>
    <ClCompile Include="externals\imgui\imgui_impl_win32.cpp">
      <Filter>imgui</Filter>
    </ClCompile>
    <ClCompile Include="externals\imgui\imgui_tables.cpp">
      <Filter>imgui</Filter>
    </ClCompile>
    <ClCompile Include="externals\imgui\imgui_widgets.cpp">
      <Filter>imgui</Filter>
    </ClCompile>
    <ClCompile Include="Polygon.cpp">
      <Filter>数学関数\ソースファイル</Filter>
    </ClCompile>
  </ItemGroup>
  <ItemGroup>
    <FxCompile Include="Object3d.VS.hlsl" />
    <FxCompile Include="Object3d.PS.hlsl" />
  </ItemGroup>
  <ItemGroup>
    <ClInclude Include="M4.h">
      <Filter>数学関数\ヘッダーファイル</Filter>
    </ClInclude>
    <ClInclude Include="V3M.h">
      <Filter>数学関数\ヘッダーファイル</Filter>
    </ClInclude>
    <ClInclude Include="MM.h">
      <Filter>数学関数\ヘッダーファイル</Filter>
    </ClInclude>
    <ClInclude Include="RTT.h">
      <Filter>数学関数\ヘッダーファイル</Filter>
    </ClInclude>
    <ClInclude Include="WM4.h">
      <Filter>数学関数\ヘッダーファイル</Filter>
    </ClInclude>
    <ClInclude Include="WVP.h">
      <Filter>数学関数\ヘッダーファイル</Filter>
    </ClInclude>
    <ClInclude Include="externals\imgui\imconfig.h">
      <Filter>imgui</Filter>
    </ClInclude>
    <ClInclude Include="externals\imgui\imgui.h">
      <Filter>imgui</Filter>
    </ClInclude>
    <ClInclude Include="externals\imgui\imgui_impl_dx12.h">
      <Filter>imgui</Filter>
    </ClInclude>
    <ClInclude Include="externals\imgui\imgui_impl_win32.h">
      <Filter>imgui</Filter>
    </ClInclude>
    <ClInclude Include="externals\imgui\imgui_internal.h">
      <Filter>imgui</Filter>
    </ClInclude>
    <ClInclude Include="externals\imgui\imstb_rectpack.h">
      <Filter>imgui</Filter>
    </ClInclude>
    <ClInclude Include="externals\imgui\imstb_textedit.h">
      <Filter>imgui</Filter>
    </ClInclude>
    <ClInclude Include="externals\imgui\imstb_truetype.h">
      <Filter>imgui</Filter>
    </ClInclude>
    <ClInclude Include="Polygon.h">
      <Filter>数学関数\ヘッダーファイル</Filter>
    </ClInclude>
    <ClInclude Include="Spheres.h">
      <Filter>数学関数\ヘッダーファイル</Filter>
    </ClInclude>
    <ClInclude Include="OBJECT.h">
      <Filter>ヘッダー ファイル</Filter>
    </ClInclude>
    <ClInclude Include="ResourceObject.h">
      <Filter>ヘッダー ファイル</Filter>
    </ClInclude>
  </ItemGroup>
  <ItemGroup>
    <Text Include="externals\imgui\LICENSE.txt">
      <Filter>imgui</Filter>
    </Text>
  </ItemGroup>
  <ItemGroup>
    <None Include="Object3d.hlsli" />
  </ItemGroup>
</Project>